// !$*UTF8*$!
{
	archiveVersion = 1;
	classes = {
	};
	objectVersion = 46;
	objects = {

/* Begin PBXBuildFile section */
		182B79131BC8BC4B0040FEFA /* TableViewControllerOne.m in Sources */ = {isa = PBXBuildFile; fileRef = 182B79121BC8BC4B0040FEFA /* TableViewControllerOne.m */; };
		182B79161BC8BC790040FEFA /* ViewControllerOne.m in Sources */ = {isa = PBXBuildFile; fileRef = 182B79151BC8BC790040FEFA /* ViewControllerOne.m */; };
		E20C02BF1BC61BE8003975F9 /* main.m in Sources */ = {isa = PBXBuildFile; fileRef = E20C02BE1BC61BE8003975F9 /* main.m */; };
		E20C02C21BC61BE8003975F9 /* AppDelegate.m in Sources */ = {isa = PBXBuildFile; fileRef = E20C02C11BC61BE8003975F9 /* AppDelegate.m */; };
		E20C02C81BC61BE8003975F9 /* Main.storyboard in Resources */ = {isa = PBXBuildFile; fileRef = E20C02C61BC61BE8003975F9 /* Main.storyboard */; };
		E20C02CA1BC61BE8003975F9 /* Images.xcassets in Resources */ = {isa = PBXBuildFile; fileRef = E20C02C91BC61BE8003975F9 /* Images.xcassets */; };
		E20C02CD1BC61BE9003975F9 /* LaunchScreen.xib in Resources */ = {isa = PBXBuildFile; fileRef = E20C02CB1BC61BE8003975F9 /* LaunchScreen.xib */; };
		E20C02D91BC61BE9003975F9 /* DelegateHowToTests.m in Sources */ = {isa = PBXBuildFile; fileRef = E20C02D81BC61BE9003975F9 /* DelegateHowToTests.m */; };
/* End PBXBuildFile section */

/* Begin PBXContainerItemProxy section */
		E20C02D31BC61BE9003975F9 /* PBXContainerItemProxy */ = {
			isa = PBXContainerItemProxy;
			containerPortal = E20C02B11BC61BE8003975F9 /* Project object */;
			proxyType = 1;
			remoteGlobalIDString = E20C02B81BC61BE8003975F9;
			remoteInfo = DelegateHowTo;
		};
/* End PBXContainerItemProxy section */

/* Begin PBXFileReference section */
		182B79111BC8BC4B0040FEFA /* TableViewControllerOne.h */ = {isa = PBXFileReference; fileEncoding = 4; lastKnownFileType = sourcecode.c.h; path = TableViewControllerOne.h; sourceTree = "<group>"; };
		182B79121BC8BC4B0040FEFA /* TableViewControllerOne.m */ = {isa = PBXFileReference; fileEncoding = 4; lastKnownFileType = sourcecode.c.objc; path = TableViewControllerOne.m; sourceTree = "<group>"; };
		182B79141BC8BC790040FEFA /* ViewControllerOne.h */ = {isa = PBXFileReference; fileEncoding = 4; lastKnownFileType = sourcecode.c.h; path = ViewControllerOne.h; sourceTree = "<group>"; };
		182B79151BC8BC790040FEFA /* ViewControllerOne.m */ = {isa = PBXFileReference; fileEncoding = 4; lastKnownFileType = sourcecode.c.objc; path = ViewControllerOne.m; sourceTree = "<group>"; };
		E20C02B91BC61BE8003975F9 /* DelegateHowTo.app */ = {isa = PBXFileReference; explicitFileType = wrapper.application; includeInIndex = 0; path = DelegateHowTo.app; sourceTree = BUILT_PRODUCTS_DIR; };
		E20C02BD1BC61BE8003975F9 /* Info.plist */ = {isa = PBXFileReference; lastKnownFileType = text.plist.xml; path = Info.plist; sourceTree = "<group>"; };
		E20C02BE1BC61BE8003975F9 /* main.m */ = {isa = PBXFileReference; lastKnownFileType = sourcecode.c.objc; path = main.m; sourceTree = "<group>"; };
		E20C02C01BC61BE8003975F9 /* AppDelegate.h */ = {isa = PBXFileReference; lastKnownFileType = sourcecode.c.h; path = AppDelegate.h; sourceTree = "<group>"; };
		E20C02C11BC61BE8003975F9 /* AppDelegate.m */ = {isa = PBXFileReference; lastKnownFileType = sourcecode.c.objc; path = AppDelegate.m; sourceTree = "<group>"; };
		E20C02C71BC61BE8003975F9 /* Base */ = {isa = PBXFileReference; lastKnownFileType = file.storyboard; name = Base; path = Base.lproj/Main.storyboard; sourceTree = "<group>"; };
		E20C02C91BC61BE8003975F9 /* Images.xcassets */ = {isa = PBXFileReference; lastKnownFileType = folder.assetcatalog; path = Images.xcassets; sourceTree = "<group>"; };
		E20C02CC1BC61BE9003975F9 /* Base */ = {isa = PBXFileReference; lastKnownFileType = file.xib; name = Base; path = Base.lproj/LaunchScreen.xib; sourceTree = "<group>"; };
		E20C02D21BC61BE9003975F9 /* DelegateHowToTests.xctest */ = {isa = PBXFileReference; explicitFileType = wrapper.cfbundle; includeInIndex = 0; path = DelegateHowToTests.xctest; sourceTree = BUILT_PRODUCTS_DIR; };
		E20C02D71BC61BE9003975F9 /* Info.plist */ = {isa = PBXFileReference; lastKnownFileType = text.plist.xml; path = Info.plist; sourceTree = "<group>"; };
		E20C02D81BC61BE9003975F9 /* DelegateHowToTests.m */ = {isa = PBXFileReference; lastKnownFileType = sourcecode.c.objc; path = DelegateHowToTests.m; sourceTree = "<group>"; };
/* End PBXFileReference section */

/* Begin PBXFrameworksBuildPhase section */
		E20C02B61BC61BE8003975F9 /* Frameworks */ = {
			isa = PBXFrameworksBuildPhase;
			buildActionMask = 2147483647;
			files = (
			);
			runOnlyForDeploymentPostprocessing = 0;
		};
		E20C02CF1BC61BE9003975F9 /* Frameworks */ = {
			isa = PBXFrameworksBuildPhase;
			buildActionMask = 2147483647;
			files = (
			);
			runOnlyForDeploymentPostprocessing = 0;
		};
/* End PBXFrameworksBuildPhase section */

/* Begin PBXGroup section */
		182B79171BC8BC870040FEFA /* custom */ = {
			isa = PBXGroup;
			children = (
				182B79111BC8BC4B0040FEFA /* TableViewControllerOne.h */,
				182B79121BC8BC4B0040FEFA /* TableViewControllerOne.m */,
				182B79151BC8BC790040FEFA /* ViewControllerOne.m */,
				182B79141BC8BC790040FEFA /* ViewControllerOne.h */,
			);
			name = custom;
			sourceTree = "<group>";
		};
		E20C02B01BC61BE8003975F9 = {
			isa = PBXGroup;
			children = (
				E20C02BB1BC61BE8003975F9 /* DelegateHowTo */,
				E20C02D51BC61BE9003975F9 /* DelegateHowToTests */,
				E20C02BA1BC61BE8003975F9 /* Products */,
			);
			sourceTree = "<group>";
		};
		E20C02BA1BC61BE8003975F9 /* Products */ = {
			isa = PBXGroup;
			children = (
				E20C02B91BC61BE8003975F9 /* DelegateHowTo.app */,
				E20C02D21BC61BE9003975F9 /* DelegateHowToTests.xctest */,
			);
			name = Products;
			sourceTree = "<group>";
		};
		E20C02BB1BC61BE8003975F9 /* DelegateHowTo */ = {
			isa = PBXGroup;
			children = (
				182B79171BC8BC870040FEFA /* custom */,
				E20C02C61BC61BE8003975F9 /* Main.storyboard */,
				E20C02C91BC61BE8003975F9 /* Images.xcassets */,
				E20C02C01BC61BE8003975F9 /* AppDelegate.h */,
				E20C02C11BC61BE8003975F9 /* AppDelegate.m */,
				E20C02CB1BC61BE8003975F9 /* LaunchScreen.xib */,
				E20C02BC1BC61BE8003975F9 /* Supporting Files */,
			);
			path = DelegateHowTo;
			sourceTree = "<group>";
		};
		E20C02BC1BC61BE8003975F9 /* Supporting Files */ = {
			isa = PBXGroup;
			children = (
				E20C02BD1BC61BE8003975F9 /* Info.plist */,
				E20C02BE1BC61BE8003975F9 /* main.m */,
			);
			name = "Supporting Files";
			sourceTree = "<group>";
		};
		E20C02D51BC61BE9003975F9 /* DelegateHowToTests */ = {
			isa = PBXGroup;
			children = (
				E20C02D81BC61BE9003975F9 /* DelegateHowToTests.m */,
				E20C02D61BC61BE9003975F9 /* Supporting Files */,
			);
			path = DelegateHowToTests;
			sourceTree = "<group>";
		};
		E20C02D61BC61BE9003975F9 /* Supporting Files */ = {
			isa = PBXGroup;
			children = (
				E20C02D71BC61BE9003975F9 /* Info.plist */,
			);
			name = "Supporting Files";
			sourceTree = "<group>";
		};
/* End PBXGroup section */

/* Begin PBXNativeTarget section */
		E20C02B81BC61BE8003975F9 /* DelegateHowTo */ = {
			isa = PBXNativeTarget;
			buildConfigurationList = E20C02DC1BC61BE9003975F9 /* Build configuration list for PBXNativeTarget "DelegateHowTo" */;
			buildPhases = (
				E20C02B51BC61BE8003975F9 /* Sources */,
				E20C02B61BC61BE8003975F9 /* Frameworks */,
				E20C02B71BC61BE8003975F9 /* Resources */,
			);
			buildRules = (
			);
			dependencies = (
			);
			name = DelegateHowTo;
			productName = DelegateHowTo;
			productReference = E20C02B91BC61BE8003975F9 /* DelegateHowTo.app */;
			productType = "com.apple.product-type.application";
		};
		E20C02D11BC61BE9003975F9 /* DelegateHowToTests */ = {
			isa = PBXNativeTarget;
			buildConfigurationList = E20C02DF1BC61BE9003975F9 /* Build configuration list for PBXNativeTarget "DelegateHowToTests" */;
			buildPhases = (
				E20C02CE1BC61BE9003975F9 /* Sources */,
				E20C02CF1BC61BE9003975F9 /* Frameworks */,
				E20C02D01BC61BE9003975F9 /* Resources */,
			);
			buildRules = (
			);
			dependencies = (
				E20C02D41BC61BE9003975F9 /* PBXTargetDependency */,
			);
			name = DelegateHowToTests;
			productName = DelegateHowToTests;
			productReference = E20C02D21BC61BE9003975F9 /* DelegateHowToTests.xctest */;
			productType = "com.apple.product-type.bundle.unit-test";
		};
/* End PBXNativeTarget section */

/* Begin PBXProject section */
		E20C02B11BC61BE8003975F9 /* Project object */ = {
			isa = PBXProject;
			attributes = {
				LastUpgradeCheck = 0630;
				ORGANIZATIONNAME = stepwisedesigns;
				TargetAttributes = {
					E20C02B81BC61BE8003975F9 = {
						CreatedOnToolsVersion = 6.3.2;
					};
					E20C02D11BC61BE9003975F9 = {
						CreatedOnToolsVersion = 6.3.2;
						TestTargetID = E20C02B81BC61BE8003975F9;
					};
				};
			};
			buildConfigurationList = E20C02B41BC61BE8003975F9 /* Build configuration list for PBXProject "DelegateHowTo" */;
			compatibilityVersion = "Xcode 3.2";
			developmentRegion = English;
			hasScannedForEncodings = 0;
			knownRegions = (
				en,
				Base,
			);
			mainGroup = E20C02B01BC61BE8003975F9;
			productRefGroup = E20C02BA1BC61BE8003975F9 /* Products */;
			projectDirPath = "";
			projectRoot = "";
			targets = (
				E20C02B81BC61BE8003975F9 /* DelegateHowTo */,
				E20C02D11BC61BE9003975F9 /* DelegateHowToTests */,
			);
		};
/* End PBXProject section */

/* Begin PBXResourcesBuildPhase section */
		E20C02B71BC61BE8003975F9 /* Resources */ = {
			isa = PBXResourcesBuildPhase;
			buildActionMask = 2147483647;
			files = (
				E20C02C81BC61BE8003975F9 /* Main.storyboard in Resources */,
				E20C02CD1BC61BE9003975F9 /* LaunchScreen.xib in Resources */,
				E20C02CA1BC61BE8003975F9 /* Images.xcassets in Resources */,
			);
			runOnlyForDeploymentPostprocessing = 0;
		};
		E20C02D01BC61BE9003975F9 /* Resources */ = {
			isa = PBXResourcesBuildPhase;
			buildActionMask = 2147483647;
			files = (
			);
			runOnlyForDeploymentPostprocessing = 0;
		};
/* End PBXResourcesBuildPhase section */

/* Begin PBXSourcesBuildPhase section */
		E20C02B51BC61BE8003975F9 /* Sources */ = {
			isa = PBXSourcesBuildPhase;
			buildActionMask = 2147483647;
			files = (
				E20C02C21BC61BE8003975F9 /* AppDelegate.m in Sources */,
				182B79131BC8BC4B0040FEFA /* TableViewControllerOne.m in Sources */,
				E20C02BF1BC61BE8003975F9 /* main.m in Sources */,
				182B79161BC8BC790040FEFA /* ViewControllerOne.m in Sources */,
			);
			runOnlyForDeploymentPostprocessing = 0;
		};
		E20C02CE1BC61BE9003975F9 /* Sources */ = {
			isa = PBXSourcesBuildPhase;
			buildActionMask = 2147483647;
			files = (
				E20C02D91BC61BE9003975F9 /* DelegateHowToTests.m in Sources */,
			);
			runOnlyForDeploymentPostprocessing = 0;
		};
/* End PBXSourcesBuildPhase section */

/* Begin PBXTargetDependency section */
		E20C02D41BC61BE9003975F9 /* PBXTargetDependency */ = {
			isa = PBXTargetDependency;
			target = E20C02B81BC61BE8003975F9 /* DelegateHowTo */;
			targetProxy = E20C02D31BC61BE9003975F9 /* PBXContainerItemProxy */;
		};
/* End PBXTargetDependency section */

/* Begin PBXVariantGroup section */
		E20C02C61BC61BE8003975F9 /* Main.storyboard */ = {
			isa = PBXVariantGroup;
			children = (
				E20C02C71BC61BE8003975F9 /* Base */,
			);
			name = Main.storyboard;
			sourceTree = "<group>";
		};
		E20C02CB1BC61BE8003975F9 /* LaunchScreen.xib */ = {
			isa = PBXVariantGroup;
			children = (
				E20C02CC1BC61BE9003975F9 /* Base */,
			);
			name = LaunchScreen.xib;
			sourceTree = "<group>";
		};
/* End PBXVariantGroup section */

/* Begin XCBuildConfiguration section */
		E20C02DA1BC61BE9003975F9 /* Debug */ = {
			isa = XCBuildConfiguration;
			buildSettings = {
				ALWAYS_SEARCH_USER_PATHS = NO;
				CLANG_CXX_LANGUAGE_STANDARD = "gnu++0x";
				CLANG_CXX_LIBRARY = "libc++";
				CLANG_ENABLE_MODULES = YES;
				CLANG_ENABLE_OBJC_ARC = YES;
				CLANG_WARN_BOOL_CONVERSION = YES;
				CLANG_WARN_CONSTANT_CONVERSION = YES;
				CLANG_WARN_DIRECT_OBJC_ISA_USAGE = YES_ERROR;
				CLANG_WARN_EMPTY_BODY = YES;
				CLANG_WARN_ENUM_CONVERSION = YES;
				CLANG_WARN_INT_CONVERSION = YES;
				CLANG_WARN_OBJC_ROOT_CLASS = YES_ERROR;
				CLANG_WARN_UNREACHABLE_CODE = YES;
				CLANG_WARN__DUPLICATE_METHOD_MATCH = YES;
				"CODE_SIGN_IDENTITY[sdk=iphoneos*]" = "iPhone Developer";
				COPY_PHASE_STRIP = NO;
				DEBUG_INFORMATION_FORMAT = "dwarf-with-dsym";
				ENABLE_STRICT_OBJC_MSGSEND = YES;
				GCC_C_LANGUAGE_STANDARD = gnu99;
				GCC_DYNAMIC_NO_PIC = NO;
				GCC_NO_COMMON_BLOCKS = YES;
				GCC_OPTIMIZATION_LEVEL = 0;
				GCC_PREPROCESSOR_DEFINITIONS = (
					"DEBUG=1",
					"$(inherited)",
				);
				GCC_SYMBOLS_PRIVATE_EXTERN = NO;
				GCC_WARN_64_TO_32_BIT_CONVERSION = YES;
				GCC_WARN_ABOUT_RETURN_TYPE = YES_ERROR;
				GCC_WARN_UNDECLARED_SELECTOR = YES;
				GCC_WARN_UNINITIALIZED_AUTOS = YES_AGGRESSIVE;
				GCC_WARN_UNUSED_FUNCTION = YES;
				GCC_WARN_UNUSED_VARIABLE = YES;
				IPHONEOS_DEPLOYMENT_TARGET = 8.3;
				MTL_ENABLE_DEBUG_INFO = YES;
				ONLY_ACTIVE_ARCH = YES;
				SDKROOT = iphoneos;
				TARGETED_DEVICE_FAMILY = "1,2";
			};
			name = Debug;
		};
		E20C02DB1BC61BE9003975F9 /* Release */ = {
			isa = XCBuildConfiguration;
			buildSettings = {
				ALWAYS_SEARCH_USER_PATHS = NO;
				CLANG_CXX_LANGUAGE_STANDARD = "gnu++0x";
				CLANG_CXX_LIBRARY = "libc++";
				CLANG_ENABLE_MODULES = YES;
				CLANG_ENABLE_OBJC_ARC = YES;
				CLANG_WARN_BOOL_CONVERSION = YES;
				CLANG_WARN_CONSTANT_CONVERSION = YES;
				CLANG_WARN_DIRECT_OBJC_ISA_USAGE = YES_ERROR;
				CLANG_WARN_EMPTY_BODY = YES;
				CLANG_WARN_ENUM_CONVERSION = YES;
				CLANG_WARN_INT_CONVERSION = YES;
				CLANG_WARN_OBJC_ROOT_CLASS = YES_ERROR;
				CLANG_WARN_UNREACHABLE_CODE = YES;
				CLANG_WARN__DUPLICATE_METHOD_MATCH = YES;
				"CODE_SIGN_IDENTITY[sdk=iphoneos*]" = "iPhone Developer";
				COPY_PHASE_STRIP = NO;
				DEBUG_INFORMATION_FORMAT = "dwarf-with-dsym";
				ENABLE_NS_ASSERTIONS = NO;
				ENABLE_STRICT_OBJC_MSGSEND = YES;
				GCC_C_LANGUAGE_STANDARD = gnu99;
				GCC_NO_COMMON_BLOCKS = YES;
				GCC_WARN_64_TO_32_BIT_CONVERSION = YES;
				GCC_WARN_ABOUT_RETURN_TYPE = YES_ERROR;
				GCC_WARN_UNDECLARED_SELECTOR = YES;
				GCC_WARN_UNINITIALIZED_AUTOS = YES_AGGRESSIVE;
				GCC_WARN_UNUSED_FUNCTION = YES;
				GCC_WARN_UNUSED_VARIABLE = YES;
				IPHONEOS_DEPLOYMENT_TARGET = 8.3;
				MTL_ENABLE_DEBUG_INFO = NO;
				SDKROOT = iphoneos;
				TARGETED_DEVICE_FAMILY = "1,2";
				VALIDATE_PRODUCT = YES;
			};
			name = Release;
		};
		E20C02DD1BC61BE9003975F9 /* Debug */ = {
			isa = XCBuildConfiguration;
			buildSettings = {
				ASSETCATALOG_COMPILER_APPICON_NAME = AppIcon;
				INFOPLIST_FILE = DelegateHowTo/Info.plist;
				LD_RUNPATH_SEARCH_PATHS = "$(inherited) @executable_path/Frameworks";
				PRODUCT_NAME = "$(TARGET_NAME)";
			};
			name = Debug;
		};
		E20C02DE1BC61BE9003975F9 /* Release */ = {
			isa = XCBuildConfiguration;
			buildSettings = {
				ASSETCATALOG_COMPILER_APPICON_NAME = AppIcon;
				INFOPLIST_FILE = DelegateHowTo/Info.plist;
				LD_RUNPATH_SEARCH_PATHS = "$(inherited) @executable_path/Frameworks";
				PRODUCT_NAME = "$(TARGET_NAME)";
			};
			name = Release;
		};
		E20C02E01BC61BE9003975F9 /* Debug */ = {
			isa = XCBuildConfiguration;
			buildSettings = {
				BUNDLE_LOADER = "$(TEST_HOST)";
				FRAMEWORK_SEARCH_PATHS = (
					"$(SDKROOT)/Developer/Library/Frameworks",
					"$(inherited)",
				);
				GCC_PREPROCESSOR_DEFINITIONS = (
					"DEBUG=1",
					"$(inherited)",
				);
				INFOPLIST_FILE = DelegateHowToTests/Info.plist;
				LD_RUNPATH_SEARCH_PATHS = "$(inherited) @executable_path/Frameworks @loader_path/Frameworks";
				PRODUCT_NAME = "$(TARGET_NAME)";
				TEST_HOST = "$(BUILT_PRODUCTS_DIR)/DelegateHowTo.app/DelegateHowTo";
			};
			name = Debug;
		};
		E20C02E11BC61BE9003975F9 /* Release */ = {
			isa = XCBuildConfiguration;
			buildSettings = {
				BUNDLE_LOADER = "$(TEST_HOST)";
				FRAMEWORK_SEARCH_PATHS = (
					"$(SDKROOT)/Developer/Library/Frameworks",
					"$(inherited)",
				);
				INFOPLIST_FILE = DelegateHowToTests/Info.plist;
				LD_RUNPATH_SEARCH_PATHS = "$(inherited) @executable_path/Frameworks @loader_path/Frameworks";
				PRODUCT_NAME = "$(TARGET_NAME)";
				TEST_HOST = "$(BUILT_PRODUCTS_DIR)/DelegateHowTo.app/DelegateHowTo";
			};
			name = Release;
		};
/* End XCBuildConfiguration section */

/* Begin XCConfigurationList section */
		E20C02B41BC61BE8003975F9 /* Build configuration list for PBXProject "DelegateHowTo" */ = {
			isa = XCConfigurationList;
			buildConfigurations = (
				E20C02DA1BC61BE9003975F9 /* Debug */,
				E20C02DB1BC61BE9003975F9 /* Release */,
			);
			defaultConfigurationIsVisible = 0;
			defaultConfigurationName = Release;
		};
		E20C02DC1BC61BE9003975F9 /* Build configuration list for PBXNativeTarget "DelegateHowTo" */ = {
			isa = XCConfigurationList;
			buildConfigurations = (
				E20C02DD1BC61BE9003975F9 /* Debug */,
				E20C02DE1BC61BE9003975F9 /* Release */,
			);
			defaultConfigurationIsVisible = 0;
			defaultConfigurationName = Release;
		};
		E20C02DF1BC61BE9003975F9 /* Build configuration list for PBXNativeTarget "DelegateHowToTests" */ = {
			isa = XCConfigurationList;
			buildConfigurations = (
				E20C02E01BC61BE9003975F9 /* Debug */,
				E20C02E11BC61BE9003975F9 /* Release */,
			);
			defaultConfigurationIsVisible = 0;
			defaultConfigurationName = Release;
		};
/* End XCConfigurationList section */
	};
	rootObject = E20C02B11BC61BE8003975F9 /* Project object */;
}
